{
  "name": "vetcita",
  "lockfileVersion": 3,
  "requires": true,
  "packages": {
    "": {
      "dependencies": {
        "sweetalert2": "^11.26.24",
        "zone.js": "^0.16.2"
      }
    },
    "node_modules/sweetalert2": {
      "version": "11.26.24",
      "resolved": "https://registry.npmjs.org/sweetalert2/-/sweetalert2-11.26.24.tgz",
      "integrity": "sha512-SLgukW4wicewpW5VOukSXY5Z6DL/z7HCOK2ODSjmQPiSphCN8gJAmh9npoceXOtBRNoDN0xIz+zHYthtfiHmjg==",
      "license": "MIT",
      "funding": {
        "type": "individual",
        "url": "https://github.com/sponsors/limonte"
      }
    },
    "node_modules/zone.js": {
      "version": "0.16.2",
      "resolved": "https://registry.npmjs.org/zone.js/-/zone.js-0.16.2.tgz",
      "integrity": "sha512-Eky7p2Z1Ig3NnbfodSPoARCjKBSTFMnE/ACsP1L/XJEfY4SdOFce19BsUCWVwL6K5ABZFy5J3bjcMWffX+YM3Q==",
      "license": "MIT"
    }
  }
}
